// !$*UTF8*$!
{
	archiveVersion = 1;
	classes = {
	};
	objectVersion = 46;
	objects = {

/* Begin PBXBuildFile section */
		8515969A1C5B071800AE47AC /* AppDelegate.swift in Sources */ = {isa = PBXBuildFile; fileRef = 851596991C5B071800AE47AC /* AppDelegate.swift */; };
		8515969C1C5B071800AE47AC /* MapViewController.swift in Sources */ = {isa = PBXBuildFile; fileRef = 8515969B1C5B071800AE47AC /* MapViewController.swift */; };
		8515969E1C5B071800AE47AC /* InformationViewController.swift in Sources */ = {isa = PBXBuildFile; fileRef = 8515969D1C5B071800AE47AC /* InformationViewController.swift */; };
		851596A11C5B071800AE47AC /* Main.storyboard in Resources */ = {isa = PBXBuildFile; fileRef = 8515969F1C5B071800AE47AC /* Main.storyboard */; };
		851596A31C5B071800AE47AC /* Assets.xcassets in Resources */ = {isa = PBXBuildFile; fileRef = 851596A21C5B071800AE47AC /* Assets.xcassets */; };
		851596A61C5B071800AE47AC /* LaunchScreen.storyboard in Resources */ = {isa = PBXBuildFile; fileRef = 851596A41C5B071800AE47AC /* LaunchScreen.storyboard */; };
		851596AE1C5B093F00AE47AC /* HTTPClient.swift in Sources */ = {isa = PBXBuildFile; fileRef = 851596AD1C5B093F00AE47AC /* HTTPClient.swift */; };
		851596B31C5B09D900AE47AC /* UdacityConvinienceAPI.swift in Sources */ = {isa = PBXBuildFile; fileRef = 851596B21C5B09D900AE47AC /* UdacityConvinienceAPI.swift */; };
		851596B51C5B0A1000AE47AC /* ParseConvinienceAPI.swift in Sources */ = {isa = PBXBuildFile; fileRef = 851596B41C5B0A1000AE47AC /* ParseConvinienceAPI.swift */; };
		851596B71C5B0A5A00AE47AC /* GCDConvinienceAPI.swift in Sources */ = {isa = PBXBuildFile; fileRef = 851596B61C5B0A5A00AE47AC /* GCDConvinienceAPI.swift */; };
		85F94A791C6180AB0024851A /* MapViewConvinience.swift in Sources */ = {isa = PBXBuildFile; fileRef = 85F94A781C6180AB0024851A /* MapViewConvinience.swift */; };
		85FCBA221C5BED9300AC030B /* HTTPClientConstatnts.swift in Sources */ = {isa = PBXBuildFile; fileRef = 85FCBA211C5BED9300AC030B /* HTTPClientConstatnts.swift */; };
		85FCBA241C5BF64A00AC030B /* StudentInformation.swift in Sources */ = {isa = PBXBuildFile; fileRef = 85FCBA231C5BF64A00AC030B /* StudentInformation.swift */; };
		85FCBA261C5BFD6100AC030B /* UserInformation.swift in Sources */ = {isa = PBXBuildFile; fileRef = 85FCBA251C5BFD6100AC030B /* UserInformation.swift */; };
		85FCBA281C5BFEFF00AC030B /* LoginViewController.swift in Sources */ = {isa = PBXBuildFile; fileRef = 85FCBA271C5BFEFF00AC030B /* LoginViewController.swift */; };
		85FCBA2A1C5BFF5900AC030B /* PostViewController.swift in Sources */ = {isa = PBXBuildFile; fileRef = 85FCBA291C5BFF5900AC030B /* PostViewController.swift */; };
		85FCBA2E1C5C484300AC030B /* MapKit.framework in Frameworks */ = {isa = PBXBuildFile; fileRef = 85FCBA2D1C5C484300AC030B /* MapKit.framework */; };
/* End PBXBuildFile section */

/* Begin PBXFileReference section */
		851596961C5B071800AE47AC /* OnTheMap.app */ = {isa = PBXFileReference; explicitFileType = wrapper.application; includeInIndex = 0; path = OnTheMap.app; sourceTree = BUILT_PRODUCTS_DIR; };
		851596991C5B071800AE47AC /* AppDelegate.swift */ = {isa = PBXFileReference; lastKnownFileType = sourcecode.swift; path = AppDelegate.swift; sourceTree = "<group>"; };
		8515969B1C5B071800AE47AC /* MapViewController.swift */ = {isa = PBXFileReference; lastKnownFileType = sourcecode.swift; path = MapViewController.swift; sourceTree = "<group>"; };
		8515969D1C5B071800AE47AC /* InformationViewController.swift */ = {isa = PBXFileReference; lastKnownFileType = sourcecode.swift; path = InformationViewController.swift; sourceTree = "<group>"; };
		851596A01C5B071800AE47AC /* Base */ = {isa = PBXFileReference; lastKnownFileType = file.storyboard; name = Base; path = Base.lproj/Main.storyboard; sourceTree = "<group>"; };
		851596A21C5B071800AE47AC /* Assets.xcassets */ = {isa = PBXFileReference; lastKnownFileType = folder.assetcatalog; path = Assets.xcassets; sourceTree = "<group>"; };
		851596A51C5B071800AE47AC /* Base */ = {isa = PBXFileReference; lastKnownFileType = file.storyboard; name = Base; path = Base.lproj/LaunchScreen.storyboard; sourceTree = "<group>"; };
		851596A71C5B071800AE47AC /* Info.plist */ = {isa = PBXFileReference; lastKnownFileType = text.plist.xml; path = Info.plist; sourceTree = "<group>"; };
		851596AD1C5B093F00AE47AC /* HTTPClient.swift */ = {isa = PBXFileReference; fileEncoding = 4; lastKnownFileType = sourcecode.swift; path = HTTPClient.swift; sourceTree = "<group>"; };
		851596B21C5B09D900AE47AC /* UdacityConvinienceAPI.swift */ = {isa = PBXFileReference; fileEncoding = 4; lastKnownFileType = sourcecode.swift; path = UdacityConvinienceAPI.swift; sourceTree = "<group>"; };
		851596B41C5B0A1000AE47AC /* ParseConvinienceAPI.swift */ = {isa = PBXFileReference; fileEncoding = 4; lastKnownFileType = sourcecode.swift; path = ParseConvinienceAPI.swift; sourceTree = "<group>"; };
		851596B61C5B0A5A00AE47AC /* GCDConvinienceAPI.swift */ = {isa = PBXFileReference; fileEncoding = 4; lastKnownFileType = sourcecode.swift; path = GCDConvinienceAPI.swift; sourceTree = "<group>"; };
		85F94A781C6180AB0024851A /* MapViewConvinience.swift */ = {isa = PBXFileReference; fileEncoding = 4; lastKnownFileType = sourcecode.swift; path = MapViewConvinience.swift; sourceTree = "<group>"; };
		85FCBA211C5BED9300AC030B /* HTTPClientConstatnts.swift */ = {isa = PBXFileReference; fileEncoding = 4; lastKnownFileType = sourcecode.swift; path = HTTPClientConstatnts.swift; sourceTree = "<group>"; };
		85FCBA231C5BF64A00AC030B /* StudentInformation.swift */ = {isa = PBXFileReference; fileEncoding = 4; lastKnownFileType = sourcecode.swift; path = StudentInformation.swift; sourceTree = "<group>"; };
		85FCBA251C5BFD6100AC030B /* UserInformation.swift */ = {isa = PBXFileReference; fileEncoding = 4; lastKnownFileType = sourcecode.swift; path = UserInformation.swift; sourceTree = "<group>"; };
		85FCBA271C5BFEFF00AC030B /* LoginViewController.swift */ = {isa = PBXFileReference; fileEncoding = 4; lastKnownFileType = sourcecode.swift; path = LoginViewController.swift; sourceTree = "<group>"; };
		85FCBA291C5BFF5900AC030B /* PostViewController.swift */ = {isa = PBXFileReference; fileEncoding = 4; lastKnownFileType = sourcecode.swift; path = PostViewController.swift; sourceTree = "<group>"; };
		85FCBA2D1C5C484300AC030B /* MapKit.framework */ = {isa = PBXFileReference; lastKnownFileType = wrapper.framework; name = MapKit.framework; path = System/Library/Frameworks/MapKit.framework; sourceTree = SDKROOT; };
/* End PBXFileReference section */

/* Begin PBXFrameworksBuildPhase section */
		851596931C5B071800AE47AC /* Frameworks */ = {
			isa = PBXFrameworksBuildPhase;
			buildActionMask = 2147483647;
			files = (
				85FCBA2E1C5C484300AC030B /* MapKit.framework in Frameworks */,
			);
			runOnlyForDeploymentPostprocessing = 0;
		};
/* End PBXFrameworksBuildPhase section */

/* Begin PBXGroup section */
		8515968D1C5B071800AE47AC = {
			isa = PBXGroup;
			children = (
				85FCBA2D1C5C484300AC030B /* MapKit.framework */,
				851596981C5B071800AE47AC /* OnTheMap */,
				851596971C5B071800AE47AC /* Products */,
			);
			sourceTree = "<group>";
		};
		851596971C5B071800AE47AC /* Products */ = {
			isa = PBXGroup;
			children = (
				851596961C5B071800AE47AC /* OnTheMap.app */,
			);
			name = Products;
			sourceTree = "<group>";
		};
		851596981C5B071800AE47AC /* OnTheMap */ = {
			isa = PBXGroup;
			children = (
				851596AF1C5B098300AE47AC /* Model */,
				851596B01C5B098D00AE47AC /* View */,
				851596B11C5B099600AE47AC /* Controller */,
				8515969F1C5B071800AE47AC /* Main.storyboard */,
				851596991C5B071800AE47AC /* AppDelegate.swift */,
				851596A21C5B071800AE47AC /* Assets.xcassets */,
				851596A41C5B071800AE47AC /* LaunchScreen.storyboard */,
				851596A71C5B071800AE47AC /* Info.plist */,
			);
			path = OnTheMap;
			sourceTree = "<group>";
		};
		851596AF1C5B098300AE47AC /* Model */ = {
			isa = PBXGroup;
			children = (
				851596AD1C5B093F00AE47AC /* HTTPClient.swift */,
				851596B21C5B09D900AE47AC /* UdacityConvinienceAPI.swift */,
				851596B41C5B0A1000AE47AC /* ParseConvinienceAPI.swift */,
				85FCBA251C5BFD6100AC030B /* UserInformation.swift */,
				85FCBA231C5BF64A00AC030B /* StudentInformation.swift */,
				85F94A781C6180AB0024851A /* MapViewConvinience.swift */,
				85FCBA211C5BED9300AC030B /* HTTPClientConstatnts.swift */,
				851596B61C5B0A5A00AE47AC /* GCDConvinienceAPI.swift */,
			);
			name = Model;
			sourceTree = "<group>";
		};
		851596B01C5B098D00AE47AC /* View */ = {
			isa = PBXGroup;
			children = (
			);
			name = View;
			sourceTree = "<group>";
		};
		851596B11C5B099600AE47AC /* Controller */ = {
			isa = PBXGroup;
			children = (
				85FCBA271C5BFEFF00AC030B /* LoginViewController.swift */,
				8515969B1C5B071800AE47AC /* MapViewController.swift */,
				8515969D1C5B071800AE47AC /* InformationViewController.swift */,
				85FCBA291C5BFF5900AC030B /* PostViewController.swift */,
			);
			name = Controller;
			sourceTree = "<group>";
		};
/* End PBXGroup section */

/* Begin PBXNativeTarget section */
		851596951C5B071800AE47AC /* OnTheMap */ = {
			isa = PBXNativeTarget;
			buildConfigurationList = 851596AA1C5B071800AE47AC /* Build configuration list for PBXNativeTarget "OnTheMap" */;
			buildPhases = (
				851596921C5B071800AE47AC /* Sources */,
				851596931C5B071800AE47AC /* Frameworks */,
				851596941C5B071800AE47AC /* Resources */,
			);
			buildRules = (
			);
			dependencies = (
			);
			name = OnTheMap;
			productName = OnTheMap;
			productReference = 851596961C5B071800AE47AC /* OnTheMap.app */;
			productType = "com.apple.product-type.application";
		};
/* End PBXNativeTarget section */

/* Begin PBXProject section */
		8515968E1C5B071800AE47AC /* Project object */ = {
			isa = PBXProject;
			attributes = {
				LastSwiftUpdateCheck = 0720;
				LastUpgradeCheck = 0720;
				ORGANIZATIONNAME = Sergei;
				TargetAttributes = {
					851596951C5B071800AE47AC = {
						CreatedOnToolsVersion = 7.2;
						DevelopmentTeam = NDE4KZE7S8;
						SystemCapabilities = {
							com.apple.Maps.iOS = {
								enabled = 1;
							};
						};
					};
				};
			};
			buildConfigurationList = 851596911C5B071800AE47AC /* Build configuration list for PBXProject "OnTheMap" */;
			compatibilityVersion = "Xcode 3.2";
			developmentRegion = English;
			hasScannedForEncodings = 0;
			knownRegions = (
				en,
				Base,
			);
			mainGroup = 8515968D1C5B071800AE47AC;
			productRefGroup = 851596971C5B071800AE47AC /* Products */;
			projectDirPath = "";
			projectRoot = "";
			targets = (
				851596951C5B071800AE47AC /* OnTheMap */,
			);
		};
/* End PBXProject section */

/* Begin PBXResourcesBuildPhase section */
		851596941C5B071800AE47AC /* Resources */ = {
			isa = PBXResourcesBuildPhase;
			buildActionMask = 2147483647;
			files = (
				851596A61C5B071800AE47AC /* LaunchScreen.storyboard in Resources */,
				851596A31C5B071800AE47AC /* Assets.xcassets in Resources */,
				851596A11C5B071800AE47AC /* Main.storyboard in Resources */,
			);
			runOnlyForDeploymentPostprocessing = 0;
		};
/* End PBXResourcesBuildPhase section */

/* Begin PBXSourcesBuildPhase section */
		851596921C5B071800AE47AC /* Sources */ = {
			isa = PBXSourcesBuildPhase;
			buildActionMask = 2147483647;
			files = (
				85FCBA2A1C5BFF5900AC030B /* PostViewController.swift in Sources */,
				8515969E1C5B071800AE47AC /* InformationViewController.swift in Sources */,
				851596B31C5B09D900AE47AC /* UdacityConvinienceAPI.swift in Sources */,
				8515969A1C5B071800AE47AC /* AppDelegate.swift in Sources */,
				851596B71C5B0A5A00AE47AC /* GCDConvinienceAPI.swift in Sources */,
				851596B51C5B0A1000AE47AC /* ParseConvinienceAPI.swift in Sources */,
				85FCBA261C5BFD6100AC030B /* UserInformation.swift in Sources */,
				85F94A791C6180AB0024851A /* MapViewConvinience.swift in Sources */,
				85FCBA221C5BED9300AC030B /* HTTPClientConstatnts.swift in Sources */,
				85FCBA241C5BF64A00AC030B /* StudentInformation.swift in Sources */,
				851596AE1C5B093F00AE47AC /* HTTPClient.swift in Sources */,
				8515969C1C5B071800AE47AC /* MapViewController.swift in Sources */,
				85FCBA281C5BFEFF00AC030B /* LoginViewController.swift in Sources */,
			);
			runOnlyForDeploymentPostprocessing = 0;
		};
/* End PBXSourcesBuildPhase section */

/* Begin PBXVariantGroup section */
		8515969F1C5B071800AE47AC /* Main.storyboard */ = {
			isa = PBXVariantGroup;
			children = (
				851596A01C5B071800AE47AC /* Base */,
			);
			name = Main.storyboard;
			sourceTree = "<group>";
		};
		851596A41C5B071800AE47AC /* LaunchScreen.storyboard */ = {
			isa = PBXVariantGroup;
			children = (
				851596A51C5B071800AE47AC /* Base */,
			);
			name = LaunchScreen.storyboard;
			sourceTree = "<group>";
		};
/* End PBXVariantGroup section */

/* Begin XCBuildConfiguration section */
		851596A81C5B071800AE47AC /* Debug */ = {
			isa = XCBuildConfiguration;
			buildSettings = {
				ALWAYS_SEARCH_USER_PATHS = NO;
				CLANG_CXX_LANGUAGE_STANDARD = "gnu++0x";
				CLANG_CXX_LIBRARY = "libc++";
				CLANG_ENABLE_MODULES = YES;
				CLANG_ENABLE_OBJC_ARC = YES;
				CLANG_WARN_BOOL_CONVERSION = YES;
				CLANG_WARN_CONSTANT_CONVERSION = YES;
				CLANG_WARN_DIRECT_OBJC_ISA_USAGE = YES_ERROR;
				CLANG_WARN_EMPTY_BODY = YES;
				CLANG_WARN_ENUM_CONVERSION = YES;
				CLANG_WARN_INT_CONVERSION = YES;
				CLANG_WARN_OBJC_ROOT_CLASS = YES_ERROR;
				CLANG_WARN_UNREACHABLE_CODE = YES;
				CLANG_WARN__DUPLICATE_METHOD_MATCH = YES;
				"CODE_SIGN_IDENTITY[sdk=iphoneos*]" = "iPhone Developer";
				COPY_PHASE_STRIP = NO;
				DEBUG_INFORMATION_FORMAT = dwarf;
				ENABLE_STRICT_OBJC_MSGSEND = YES;
				ENABLE_TESTABILITY = YES;
				GCC_C_LANGUAGE_STANDARD = gnu99;
				GCC_DYNAMIC_NO_PIC = NO;
				GCC_NO_COMMON_BLOCKS = YES;
				GCC_OPTIMIZATION_LEVEL = 0;
				GCC_PREPROCESSOR_DEFINITIONS = (
					"DEBUG=1",
					"$(inherited)",
				);
				GCC_WARN_64_TO_32_BIT_CONVERSION = YES;
				GCC_WARN_ABOUT_RETURN_TYPE = YES_ERROR;
				GCC_WARN_UNDECLARED_SELECTOR = YES;
				GCC_WARN_UNINITIALIZED_AUTOS = YES_AGGRESSIVE;
				GCC_WARN_UNUSED_FUNCTION = YES;
				GCC_WARN_UNUSED_VARIABLE = YES;
				IPHONEOS_DEPLOYMENT_TARGET = 9.2;
				MTL_ENABLE_DEBUG_INFO = YES;
				ONLY_ACTIVE_ARCH = YES;
				SDKROOT = iphoneos;
				SWIFT_OPTIMIZATION_LEVEL = "-Onone";
			};
			name = Debug;
		};
		851596A91C5B071800AE47AC /* Release */ = {
			isa = XCBuildConfiguration;
			buildSettings = {
				ALWAYS_SEARCH_USER_PATHS = NO;
				CLANG_CXX_LANGUAGE_STANDARD = "gnu++0x";
				CLANG_CXX_LIBRARY = "libc++";
				CLANG_ENABLE_MODULES = YES;
				CLANG_ENABLE_OBJC_ARC = YES;
				CLANG_WARN_BOOL_CONVERSION = YES;
				CLANG_WARN_CONSTANT_CONVERSION = YES;
				CLANG_WARN_DIRECT_OBJC_ISA_USAGE = YES_ERROR;
				CLANG_WARN_EMPTY_BODY = YES;
				CLANG_WARN_ENUM_CONVERSION = YES;
				CLANG_WARN_INT_CONVERSION = YES;
				CLANG_WARN_OBJC_ROOT_CLASS = YES_ERROR;
				CLANG_WARN_UNREACHABLE_CODE = YES;
				CLANG_WARN__DUPLICATE_METHOD_MATCH = YES;
				"CODE_SIGN_IDENTITY[sdk=iphoneos*]" = "iPhone Developer";
				COPY_PHASE_STRIP = NO;
				DEBUG_INFORMATION_FORMAT = "dwarf-with-dsym";
				ENABLE_NS_ASSERTIONS = NO;
				ENABLE_STRICT_OBJC_MSGSEND = YES;
				GCC_C_LANGUAGE_STANDARD = gnu99;
				GCC_NO_COMMON_BLOCKS = YES;
				GCC_WARN_64_TO_32_BIT_CONVERSION = YES;
				GCC_WARN_ABOUT_RETURN_TYPE = YES_ERROR;
				GCC_WARN_UNDECLARED_SELECTOR = YES;
				GCC_WARN_UNINITIALIZED_AUTOS = YES_AGGRESSIVE;
				GCC_WARN_UNUSED_FUNCTION = YES;
				GCC_WARN_UNUSED_VARIABLE = YES;
				IPHONEOS_DEPLOYMENT_TARGET = 9.2;
				MTL_ENABLE_DEBUG_INFO = NO;
				SDKROOT = iphoneos;
				VALIDATE_PRODUCT = YES;
			};
			name = Release;
		};
		851596AB1C5B071800AE47AC /* Debug */ = {
			isa = XCBuildConfiguration;
			buildSettings = {
				ASSETCATALOG_COMPILER_APPICON_NAME = AppIcon;
				INFOPLIST_FILE = OnTheMap/Info.plist;
				LD_RUNPATH_SEARCH_PATHS = "$(inherited) @executable_path/Frameworks";
				PRODUCT_BUNDLE_IDENTIFIER = DTM.OnTheMap;
				PRODUCT_NAME = "$(TARGET_NAME)";
			};
			name = Debug;
		};
		851596AC1C5B071800AE47AC /* Release */ = {
			isa = XCBuildConfiguration;
			buildSettings = {
				ASSETCATALOG_COMPILER_APPICON_NAME = AppIcon;
				INFOPLIST_FILE = OnTheMap/Info.plist;
				LD_RUNPATH_SEARCH_PATHS = "$(inherited) @executable_path/Frameworks";
				PRODUCT_BUNDLE_IDENTIFIER = DTM.OnTheMap;
				PRODUCT_NAME = "$(TARGET_NAME)";
			};
			name = Release;
		};
/* End XCBuildConfiguration section */

/* Begin XCConfigurationList section */
		851596911C5B071800AE47AC /* Build configuration list for PBXProject "OnTheMap" */ = {
			isa = XCConfigurationList;
			buildConfigurations = (
				851596A81C5B071800AE47AC /* Debug */,
				851596A91C5B071800AE47AC /* Release */,
			);
			defaultConfigurationIsVisible = 0;
			defaultConfigurationName = Release;
		};
		851596AA1C5B071800AE47AC /* Build configuration list for PBXNativeTarget "OnTheMap" */ = {
			isa = XCConfigurationList;
			buildConfigurations = (
				851596AB1C5B071800AE47AC /* Debug */,
				851596AC1C5B071800AE47AC /* Release */,
			);
			defaultConfigurationIsVisible = 0;
			defaultConfigurationName = Release;
		};
/* End XCConfigurationList section */
	};
	rootObject = 8515968E1C5B071800AE47AC /* Project object */;
}
